{
  "name": "confirm-choice",
  "version": "1.0.0",
  "lockfileVersion": 1,
  "requires": true,
  "dependencies": {
    "@types/node": {
      "version": "14.14.0",
      "resolved": "https://registry.npmjs.org/@types/node/-/node-14.14.0.tgz",
      "integrity": "sha512-BfbIHP9IapdupGhq/hc+jT5dyiBVZ2DdeC5WwJWQWDb0GijQlzUFAeIQn/2GtvZcd2HVUU7An8felIICFTC2qg==",
      "dev": true
    },
    "glicko2": {
      "version": "0.8.4",
      "resolved": "https://registry.npmjs.org/glicko2/-/glicko2-0.8.4.tgz",
      "integrity": "sha1-zBJuTrzVd+Ko/x1tgZ9dCO6YWq8="
    }
  }
}
